{
  "version": 4,
  "terraform_version": "0.14.9",
  "serial": 39,
  "lineage": "d0335674-c564-81dc-4346-d59a1ad3c559",
  "outputs": {
    "aws_route53_zone_ns": {
      "value": [
        "ns-1298.awsdns-34.org",
        "ns-1682.awsdns-18.co.uk",
        "ns-202.awsdns-25.com",
        "ns-737.awsdns-28.net"
      ],
      "type": [
        "list",
        "string"
      ]
    }
  },
  "resources": [
    {
      "mode": "managed",
      "type": "aws_route53_record",
      "name": "main-ns",
      "provider": "provider[\"registry.terraform.io/hashicorp/aws\"]",
      "instances": []
    },
    {
      "mode": "managed",
      "type": "aws_route53_zone",
      "name": "main",
      "provider": "provider[\"registry.terraform.io/hashicorp/aws\"]",
      "instances": [
        {
          "schema_version": 0,
          "attributes": {
            "comment": "Managed by Terraform",
            "delegation_set_id": "",
            "force_destroy": false,
            "id": "Z01017463ALJBPQ28YVXU",
            "name": "aws.jomo.dev",
            "name_servers": [
              "ns-1298.awsdns-34.org",
              "ns-1682.awsdns-18.co.uk",
              "ns-202.awsdns-25.com",
              "ns-737.awsdns-28.net"
            ],
            "tags": {
              "Environment": "prod",
              "Terraform": "true"
            },
            "vpc": [],
            "zone_id": "Z01017463ALJBPQ28YVXU"
          },
          "sensitive_attributes": [],
          "private": "bnVsbA=="
        }
      ]
    },
    {
      "mode": "managed",
      "type": "aws_s3_bucket",
      "name": "www",
      "provider": "provider[\"registry.terraform.io/hashicorp/aws\"]",
      "instances": [
        {
          "status": "tainted",
          "schema_version": 0,
          "attributes": {
            "acceleration_status": null,
            "acl": "public-read",
            "arn": null,
            "bucket": "aws.jomo.dev",
            "bucket_domain_name": null,
            "bucket_prefix": null,
            "bucket_regional_domain_name": null,
            "cors_rule": [],
            "force_destroy": false,
            "grant": [],
            "hosted_zone_id": null,
            "id": "aws.jomo.dev",
            "lifecycle_rule": [],
            "logging": [],
            "object_lock_configuration": [],
            "policy": "{\n  \"Version\": \"2012-10-17\",\n  \"Statement\": [{\n    \"Sid\": \"AddPerm\",\n    \"Effect\": \"Allow\",\n    \"Principal\": \"*\",\n    \"Action\": [\"s3:GetObject\"],\n    \"Resource\": [\"arn:aws:s3:::example.com/*\"]\n  }]\n}\n",
            "region": null,
            "replication_configuration": [],
            "request_payer": null,
            "server_side_encryption_configuration": [],
            "tags": {
              "Environment": "prod",
              "Terraform": "true"
            },
            "versioning": null,
            "website": [
              {
                "error_document": "404.html",
                "index_document": "index.html",
                "redirect_all_requests_to": "",
                "routing_rules": ""
              }
            ],
            "website_domain": null,
            "website_endpoint": null
          },
          "sensitive_attributes": [],
          "private": "bnVsbA=="
        }
      ]
    }
  ]
}
